// !$*UTF8*$!
{
	archiveVersion = 1;
	classes = {
	};
	objectVersion = 50;
	objects = {

/* Begin PBXBuildFile section */
		FAD47BCD2514DFAE00B776BB /* AppDelegate.swift in Sources */ = {isa = PBXBuildFile; fileRef = FAD47BCC2514DFAE00B776BB /* AppDelegate.swift */; };
		FAD47BCF2514DFAE00B776BB /* SceneDelegate.swift in Sources */ = {isa = PBXBuildFile; fileRef = FAD47BCE2514DFAE00B776BB /* SceneDelegate.swift */; };
		FAD47BD12514DFAE00B776BB /* ViewController.swift in Sources */ = {isa = PBXBuildFile; fileRef = FAD47BD02514DFAE00B776BB /* ViewController.swift */; };
		FAD47BD42514DFAE00B776BB /* Main.storyboard in Resources */ = {isa = PBXBuildFile; fileRef = FAD47BD22514DFAE00B776BB /* Main.storyboard */; };
		FAD47BD62514DFB100B776BB /* Assets.xcassets in Resources */ = {isa = PBXBuildFile; fileRef = FAD47BD52514DFB100B776BB /* Assets.xcassets */; };
		FAD47BD92514DFB100B776BB /* LaunchScreen.storyboard in Resources */ = {isa = PBXBuildFile; fileRef = FAD47BD72514DFB100B776BB /* LaunchScreen.storyboard */; };
/* End PBXBuildFile section */

/* Begin PBXFileReference section */
		FAD47BC92514DFAE00B776BB /* Concetration.app */ = {isa = PBXFileReference; explicitFileType = wrapper.application; includeInIndex = 0; path = Concetration.app; sourceTree = BUILT_PRODUCTS_DIR; };
		FAD47BCC2514DFAE00B776BB /* AppDelegate.swift */ = {isa = PBXFileReference; lastKnownFileType = sourcecode.swift; path = AppDelegate.swift; sourceTree = "<group>"; };
		FAD47BCE2514DFAE00B776BB /* SceneDelegate.swift */ = {isa = PBXFileReference; lastKnownFileType = sourcecode.swift; path = SceneDelegate.swift; sourceTree = "<group>"; };
		FAD47BD02514DFAE00B776BB /* ViewController.swift */ = {isa = PBXFileReference; lastKnownFileType = sourcecode.swift; path = ViewController.swift; sourceTree = "<group>"; };
		FAD47BD32514DFAE00B776BB /* Base */ = {isa = PBXFileReference; lastKnownFileType = file.storyboard; name = Base; path = Base.lproj/Main.storyboard; sourceTree = "<group>"; };
		FAD47BD52514DFB100B776BB /* Assets.xcassets */ = {isa = PBXFileReference; lastKnownFileType = folder.assetcatalog; path = Assets.xcassets; sourceTree = "<group>"; };
		FAD47BD82514DFB100B776BB /* Base */ = {isa = PBXFileReference; lastKnownFileType = file.storyboard; name = Base; path = Base.lproj/LaunchScreen.storyboard; sourceTree = "<group>"; };
		FAD47BDA2514DFB100B776BB /* Info.plist */ = {isa = PBXFileReference; lastKnownFileType = text.plist.xml; path = Info.plist; sourceTree = "<group>"; };
/* End PBXFileReference section */

/* Begin PBXFrameworksBuildPhase section */
		FAD47BC62514DFAE00B776BB /* Frameworks */ = {
			isa = PBXFrameworksBuildPhase;
			buildActionMask = 2147483647;
			files = (
			);
			runOnlyForDeploymentPostprocessing = 0;
		};
/* End PBXFrameworksBuildPhase section */

/* Begin PBXGroup section */
		FAD47BC02514DFAE00B776BB = {
			isa = PBXGroup;
			children = (
				FAD47BCB2514DFAE00B776BB /* Concetration */,
				FAD47BCA2514DFAE00B776BB /* Products */,
			);
			sourceTree = "<group>";
		};
		FAD47BCA2514DFAE00B776BB /* Products */ = {
			isa = PBXGroup;
			children = (
				FAD47BC92514DFAE00B776BB /* Concetration.app */,
			);
			name = Products;
			sourceTree = "<group>";
		};
		FAD47BCB2514DFAE00B776BB /* Concetration */ = {
			isa = PBXGroup;
			children = (
				FAD47BCC2514DFAE00B776BB /* AppDelegate.swift */,
				FAD47BCE2514DFAE00B776BB /* SceneDelegate.swift */,
				FAD47BD02514DFAE00B776BB /* ViewController.swift */,
				FAD47BD22514DFAE00B776BB /* Main.storyboard */,
				FAD47BD52514DFB100B776BB /* Assets.xcassets */,
				FAD47BD72514DFB100B776BB /* LaunchScreen.storyboard */,
				FAD47BDA2514DFB100B776BB /* Info.plist */,
			);
			path = Concetration;
			sourceTree = "<group>";
		};
/* End PBXGroup section */

/* Begin PBXNativeTarget section */
		FAD47BC82514DFAE00B776BB /* Concetration */ = {
			isa = PBXNativeTarget;
			buildConfigurationList = FAD47BDD2514DFB100B776BB /* Build configuration list for PBXNativeTarget "Concetration" */;
			buildPhases = (
				FAD47BC52514DFAE00B776BB /* Sources */,
				FAD47BC62514DFAE00B776BB /* Frameworks */,
				FAD47BC72514DFAE00B776BB /* Resources */,
			);
			buildRules = (
			);
			dependencies = (
			);
			name = Concetration;
			productName = Concetration;
			productReference = FAD47BC92514DFAE00B776BB /* Concetration.app */;
			productType = "com.apple.product-type.application";
		};
/* End PBXNativeTarget section */

/* Begin PBXProject section */
		FAD47BC12514DFAE00B776BB /* Project object */ = {
			isa = PBXProject;
			attributes = {
				LastSwiftUpdateCheck = 1160;
				LastUpgradeCheck = 1160;
				ORGANIZATIONNAME = "Ankur Saini";
				TargetAttributes = {
					FAD47BC82514DFAE00B776BB = {
						CreatedOnToolsVersion = 11.6;
					};
				};
			};
			buildConfigurationList = FAD47BC42514DFAE00B776BB /* Build configuration list for PBXProject "Concetration" */;
			compatibilityVersion = "Xcode 9.3";
			developmentRegion = en;
			hasScannedForEncodings = 0;
			knownRegions = (
				en,
				Base,
			);
			mainGroup = FAD47BC02514DFAE00B776BB;
			productRefGroup = FAD47BCA2514DFAE00B776BB /* Products */;
			projectDirPath = "";
			projectRoot = "";
			targets = (
				FAD47BC82514DFAE00B776BB /* Concetration */,
			);
		};
/* End PBXProject section */

/* Begin PBXResourcesBuildPhase section */
		FAD47BC72514DFAE00B776BB /* Resources */ = {
			isa = PBXResourcesBuildPhase;
			buildActionMask = 2147483647;
			files = (
				FAD47BD92514DFB100B776BB /* LaunchScreen.storyboard in Resources */,
				FAD47BD62514DFB100B776BB /* Assets.xcassets in Resources */,
				FAD47BD42514DFAE00B776BB /* Main.storyboard in Resources */,
			);
			runOnlyForDeploymentPostprocessing = 0;
		};
/* End PBXResourcesBuildPhase section */

/* Begin PBXSourcesBuildPhase section */
		FAD47BC52514DFAE00B776BB /* Sources */ = {
			isa = PBXSourcesBuildPhase;
			buildActionMask = 2147483647;
			files = (
				FAD47BD12514DFAE00B776BB /* ViewController.swift in Sources */,
				FAD47BCD2514DFAE00B776BB /* AppDelegate.swift in Sources */,
				FAD47BCF2514DFAE00B776BB /* SceneDelegate.swift in Sources */,
			);
			runOnlyForDeploymentPostprocessing = 0;
		};
/* End PBXSourcesBuildPhase section */

/* Begin PBXVariantGroup section */
		FAD47BD22514DFAE00B776BB /* Main.storyboard */ = {
			isa = PBXVariantGroup;
			children = (
				FAD47BD32514DFAE00B776BB /* Base */,
			);
			name = Main.storyboard;
			sourceTree = "<group>";
		};
		FAD47BD72514DFB100B776BB /* LaunchScreen.storyboard */ = {
			isa = PBXVariantGroup;
			children = (
				FAD47BD82514DFB100B776BB /* Base */,
			);
			name = LaunchScreen.storyboard;
			sourceTree = "<group>";
		};
/* End PBXVariantGroup section */

/* Begin XCBuildConfiguration section */
		FAD47BDB2514DFB100B776BB /* Debug */ = {
			isa = XCBuildConfiguration;
			buildSettings = {
				ALWAYS_SEARCH_USER_PATHS = NO;
				CLANG_ANALYZER_NONNULL = YES;
				CLANG_ANALYZER_NUMBER_OBJECT_CONVERSION = YES_AGGRESSIVE;
				CLANG_CXX_LANGUAGE_STANDARD = "gnu++14";
				CLANG_CXX_LIBRARY = "libc++";
				CLANG_ENABLE_MODULES = YES;
				CLANG_ENABLE_OBJC_ARC = YES;
				CLANG_ENABLE_OBJC_WEAK = YES;
				CLANG_WARN_BLOCK_CAPTURE_AUTORELEASING = YES;
				CLANG_WARN_BOOL_CONVERSION = YES;
				CLANG_WARN_COMMA = YES;
				CLANG_WARN_CONSTANT_CONVERSION = YES;
				CLANG_WARN_DEPRECATED_OBJC_IMPLEMENTATIONS = YES;
				CLANG_WARN_DIRECT_OBJC_ISA_USAGE = YES_ERROR;
				CLANG_WARN_DOCUMENTATION_COMMENTS = YES;
				CLANG_WARN_EMPTY_BODY = YES;
				CLANG_WARN_ENUM_CONVERSION = YES;
				CLANG_WARN_INFINITE_RECURSION = YES;
				CLANG_WARN_INT_CONVERSION = YES;
				CLANG_WARN_NON_LITERAL_NULL_CONVERSION = YES;
				CLANG_WARN_OBJC_IMPLICIT_RETAIN_SELF = YES;
				CLANG_WARN_OBJC_LITERAL_CONVERSION = YES;
				CLANG_WARN_OBJC_ROOT_CLASS = YES_ERROR;
				CLANG_WARN_RANGE_LOOP_ANALYSIS = YES;
				CLANG_WARN_STRICT_PROTOTYPES = YES;
				CLANG_WARN_SUSPICIOUS_MOVE = YES;
				CLANG_WARN_UNGUARDED_AVAILABILITY = YES_AGGRESSIVE;
				CLANG_WARN_UNREACHABLE_CODE = YES;
				CLANG_WARN__DUPLICATE_METHOD_MATCH = YES;
				COPY_PHASE_STRIP = NO;
				DEBUG_INFORMATION_FORMAT = dwarf;
				ENABLE_STRICT_OBJC_MSGSEND = YES;
				ENABLE_TESTABILITY = YES;
				GCC_C_LANGUAGE_STANDARD = gnu11;
				GCC_DYNAMIC_NO_PIC = NO;
				GCC_NO_COMMON_BLOCKS = YES;
				GCC_OPTIMIZATION_LEVEL = 0;
				GCC_PREPROCESSOR_DEFINITIONS = (
					"DEBUG=1",
					"$(inherited)",
				);
				GCC_WARN_64_TO_32_BIT_CONVERSION = YES;
				GCC_WARN_ABOUT_RETURN_TYPE = YES_ERROR;
				GCC_WARN_UNDECLARED_SELECTOR = YES;
				GCC_WARN_UNINITIALIZED_AUTOS = YES_AGGRESSIVE;
				GCC_WARN_UNUSED_FUNCTION = YES;
				GCC_WARN_UNUSED_VARIABLE = YES;
				IPHONEOS_DEPLOYMENT_TARGET = 13.6;
				MTL_ENABLE_DEBUG_INFO = INCLUDE_SOURCE;
				MTL_FAST_MATH = YES;
				ONLY_ACTIVE_ARCH = YES;
				SDKROOT = iphoneos;
				SWIFT_ACTIVE_COMPILATION_CONDITIONS = DEBUG;
				SWIFT_OPTIMIZATION_LEVEL = "-Onone";
			};
			name = Debug;
		};
		FAD47BDC2514DFB100B776BB /* Release */ = {
			isa = XCBuildConfiguration;
			buildSettings = {
				ALWAYS_SEARCH_USER_PATHS = NO;
				CLANG_ANALYZER_NONNULL = YES;
				CLANG_ANALYZER_NUMBER_OBJECT_CONVERSION = YES_AGGRESSIVE;
				CLANG_CXX_LANGUAGE_STANDARD = "gnu++14";
				CLANG_CXX_LIBRARY = "libc++";
				CLANG_ENABLE_MODULES = YES;
				CLANG_ENABLE_OBJC_ARC = YES;
				CLANG_ENABLE_OBJC_WEAK = YES;
				CLANG_WARN_BLOCK_CAPTURE_AUTORELEASING = YES;
				CLANG_WARN_BOOL_CONVERSION = YES;
				CLANG_WARN_COMMA = YES;
				CLANG_WARN_CONSTANT_CONVERSION = YES;
				CLANG_WARN_DEPRECATED_OBJC_IMPLEMENTATIONS = YES;
				CLANG_WARN_DIRECT_OBJC_ISA_USAGE = YES_ERROR;
				CLANG_WARN_DOCUMENTATION_COMMENTS = YES;
				CLANG_WARN_EMPTY_BODY = YES;
				CLANG_WARN_ENUM_CONVERSION = YES;
				CLANG_WARN_INFINITE_RECURSION = YES;
				CLANG_WARN_INT_CONVERSION = YES;
				CLANG_WARN_NON_LITERAL_NULL_CONVERSION = YES;
				CLANG_WARN_OBJC_IMPLICIT_RETAIN_SELF = YES;
				CLANG_WARN_OBJC_LITERAL_CONVERSION = YES;
				CLANG_WARN_OBJC_ROOT_CLASS = YES_ERROR;
				CLANG_WARN_RANGE_LOOP_ANALYSIS = YES;
				CLANG_WARN_STRICT_PROTOTYPES = YES;
				CLANG_WARN_SUSPICIOUS_MOVE = YES;
				CLANG_WARN_UNGUARDED_AVAILABILITY = YES_AGGRESSIVE;
				CLANG_WARN_UNREACHABLE_CODE = YES;
				CLANG_WARN__DUPLICATE_METHOD_MATCH = YES;
				COPY_PHASE_STRIP = NO;
				DEBUG_INFORMATION_FORMAT = "dwarf-with-dsym";
				ENABLE_NS_ASSERTIONS = NO;
				ENABLE_STRICT_OBJC_MSGSEND = YES;
				GCC_C_LANGUAGE_STANDARD = gnu11;
				GCC_NO_COMMON_BLOCKS = YES;
				GCC_WARN_64_TO_32_BIT_CONVERSION = YES;
				GCC_WARN_ABOUT_RETURN_TYPE = YES_ERROR;
				GCC_WARN_UNDECLARED_SELECTOR = YES;
				GCC_WARN_UNINITIALIZED_AUTOS = YES_AGGRESSIVE;
				GCC_WARN_UNUSED_FUNCTION = YES;
				GCC_WARN_UNUSED_VARIABLE = YES;
				IPHONEOS_DEPLOYMENT_TARGET = 13.6;
				MTL_ENABLE_DEBUG_INFO = NO;
				MTL_FAST_MATH = YES;
				SDKROOT = iphoneos;
				SWIFT_COMPILATION_MODE = wholemodule;
				SWIFT_OPTIMIZATION_LEVEL = "-O";
				VALIDATE_PRODUCT = YES;
			};
			name = Release;
		};
		FAD47BDE2514DFB100B776BB /* Debug */ = {
			isa = XCBuildConfiguration;
			buildSettings = {
				ASSETCATALOG_COMPILER_APPICON_NAME = AppIcon;
				CODE_SIGN_STYLE = Automatic;
				INFOPLIST_FILE = Concetration/Info.plist;
				LD_RUNPATH_SEARCH_PATHS = (
					"$(inherited)",
					"@executable_path/Frameworks",
				);
				PRODUCT_BUNDLE_IDENTIFIER = Arseinc.Concetration;
				PRODUCT_NAME = "$(TARGET_NAME)";
				SWIFT_VERSION = 5.0;
				TARGETED_DEVICE_FAMILY = "1,2";
			};
			name = Debug;
		};
		FAD47BDF2514DFB100B776BB /* Release */ = {
			isa = XCBuildConfiguration;
			buildSettings = {
				ASSETCATALOG_COMPILER_APPICON_NAME = AppIcon;
				CODE_SIGN_STYLE = Automatic;
				INFOPLIST_FILE = Concetration/Info.plist;
				LD_RUNPATH_SEARCH_PATHS = (
					"$(inherited)",
					"@executable_path/Frameworks",
				);
				PRODUCT_BUNDLE_IDENTIFIER = Arseinc.Concetration;
				PRODUCT_NAME = "$(TARGET_NAME)";
				SWIFT_VERSION = 5.0;
				TARGETED_DEVICE_FAMILY = "1,2";
			};
			name = Release;
		};
/* End XCBuildConfiguration section */

/* Begin XCConfigurationList section */
		FAD47BC42514DFAE00B776BB /* Build configuration list for PBXProject "Concetration" */ = {
			isa = XCConfigurationList;
			buildConfigurations = (
				FAD47BDB2514DFB100B776BB /* Debug */,
				FAD47BDC2514DFB100B776BB /* Release */,
			);
			defaultConfigurationIsVisible = 0;
			defaultConfigurationName = Release;
		};
		FAD47BDD2514DFB100B776BB /* Build configuration list for PBXNativeTarget "Concetration" */ = {
			isa = XCConfigurationList;
			buildConfigurations = (
				FAD47BDE2514DFB100B776BB /* Debug */,
				FAD47BDF2514DFB100B776BB /* Release */,
			);
			defaultConfigurationIsVisible = 0;
			defaultConfigurationName = Release;
		};
/* End XCConfigurationList section */
	};
	rootObject = FAD47BC12514DFAE00B776BB /* Project object */;
}
